
Microsoft Visual Studio Solution File, Format Version 12.00
Project("{FAE04EC0-301F-11D3-BF4B-00C04F79EFBC}") = "RPG.Combat.Tests", "RPG.Combat.Tests\RPG.Combat.Tests.csproj", "{C0AEB2AA-DBFB-4F94-B49B-4D2B0005DA96}"
EndProject
Project("{FAE04EC0-301F-11D3-BF4B-00C04F79EFBC}") = "RPG.Combat.Dominio", "RPG.Combat.Dominio\RPG.Combat.Dominio.csproj", "{7310B36D-11BA-4253-BDD4-8B913FB540A8}"
EndProject
Global
	GlobalSection(SolutionConfigurationPlatforms) = preSolution
		Debug|Any CPU = Debug|Any CPU
		Release|Any CPU = Release|Any CPU
	EndGlobalSection
	GlobalSection(ProjectConfigurationPlatforms) = postSolution
		{C0AEB2AA-DBFB-4F94-B49B-4D2B0005DA96}.Debug|Any CPU.ActiveCfg = Debug|Any CPU
		{C0AEB2AA-DBFB-4F94-B49B-4D2B0005DA96}.Debug|Any CPU.Build.0 = Debug|Any CPU
		{C0AEB2AA-DBFB-4F94-B49B-4D2B0005DA96}.Release|Any CPU.ActiveCfg = Release|Any CPU
		{C0AEB2AA-DBFB-4F94-B49B-4D2B0005DA96}.Release|Any CPU.Build.0 = Release|Any CPU
		{7310B36D-11BA-4253-BDD4-8B913FB540A8}.Debug|Any CPU.ActiveCfg = Debug|Any CPU
		{7310B36D-11BA-4253-BDD4-8B913FB540A8}.Debug|Any CPU.Build.0 = Debug|Any CPU
		{7310B36D-11BA-4253-BDD4-8B913FB540A8}.Release|Any CPU.ActiveCfg = Release|Any CPU
		{7310B36D-11BA-4253-BDD4-8B913FB540A8}.Release|Any CPU.Build.0 = Release|Any CPU
	EndGlobalSection
EndGlobal
